# This file is automatically @generated by Cargo.
# It is not intended for manual editing.
version = 3

[[package]]
name = "aho-corasick"
version = "1.1.2"
source = "registry+https://github.com/rust-lang/crates.io-index"
checksum = "b2969dcb958b36655471fc61f7e416fa76033bdd4bfed0678d8fee1e2d07a1f0"
dependencies = [
 "memchr",
]

[[package]]
name = "ansi_term"
version = "0.12.1"
source = "registry+https://github.com/rust-lang/crates.io-index"
checksum = "d52a9bb7ec0cf484c551830a7ce27bd20d67eac647e1befb56b0be4ee39a55d2"
dependencies = [
 "winapi",
]

[[package]]
name = "anstream"
version = "0.6.7"
source = "registry+https://github.com/rust-lang/crates.io-index"
checksum = "4cd2405b3ac1faab2990b74d728624cd9fd115651fcecc7c2d8daf01376275ba"
dependencies = [
 "anstyle",
 "anstyle-parse",
 "anstyle-query",
 "anstyle-wincon",
 "colorchoice",
 "utf8parse",
]

[[package]]
name = "anstyle"
version = "1.0.0"
source = "registry+https://github.com/rust-lang/crates.io-index"
checksum = "41ed9a86bf92ae6580e0a31281f65a1b1d867c0cc68d5346e2ae128dddfa6a7d"

[[package]]
name = "anstyle-parse"
version = "0.2.0"
source = "registry+https://github.com/rust-lang/crates.io-index"
checksum = "e765fd216e48e067936442276d1d57399e37bce53c264d6fefbe298080cb57ee"
dependencies = [
 "utf8parse",
]

[[package]]
name = "anstyle-query"
version = "1.0.0"
source = "registry+https://github.com/rust-lang/crates.io-index"
checksum = "5ca11d4be1bab0c8bc8734a9aa7bf4ee8316d462a08c6ac5052f888fef5b494b"
dependencies = [
 "windows-sys 0.48.0",
]

[[package]]
name = "anstyle-wincon"
version = "3.0.2"
source = "registry+https://github.com/rust-lang/crates.io-index"
checksum = "1cd54b81ec8d6180e24654d0b371ad22fc3dd083b6ff8ba325b72e00c87660a7"
dependencies = [
 "anstyle",
 "windows-sys 0.52.0",
]

[[package]]
name = "arp-scan"
version = "0.13.2"
dependencies = [
 "ansi_term",
 "clap",
 "csv",
 "ctrlc",
 "dns-lookup",
 "ipnetwork",
 "pnet",
 "pnet_datalink",
 "rand",
 "serde",
 "serde_json",
 "serde_yaml",
]

[[package]]
name = "autocfg"
version = "1.1.0"
source = "registry+https://github.com/rust-lang/crates.io-index"
checksum = "d468802bab17cbc0cc575e9b053f41e72aa36bfa6b7f55e3529ffa43161b97fa"

[[package]]
name = "bitflags"
version = "2.4.1"
source = "registry+https://github.com/rust-lang/crates.io-index"
checksum = "327762f6e5a765692301e5bb513e0d9fef63be86bbc14528052b1cd3e6f03e07"

[[package]]
name = "cfg-if"
version = "1.0.0"
source = "registry+https://github.com/rust-lang/crates.io-index"
checksum = "baf1de4339761588bc0619e3cbc0120ee582ebb74b53b4efbf79117bd2da40fd"

[[package]]
name = "clap"
version = "4.4.16"
source = "registry+https://github.com/rust-lang/crates.io-index"
checksum = "58e54881c004cec7895b0068a0a954cd5d62da01aef83fa35b1e594497bf5445"
dependencies = [
 "clap_builder",
]

[[package]]
name = "clap_builder"
version = "4.4.16"
source = "registry+https://github.com/rust-lang/crates.io-index"
checksum = "59cb82d7f531603d2fd1f507441cdd35184fa81beff7bd489570de7f773460bb"
dependencies = [
 "anstream",
 "anstyle",
 "clap_lex",
 "strsim",
]

[[package]]
name = "clap_lex"
version = "0.6.0"
source = "registry+https://github.com/rust-lang/crates.io-index"
checksum = "702fc72eb24e5a1e48ce58027a675bc24edd52096d5397d4aea7c6dd9eca0bd1"

[[package]]
name = "colorchoice"
version = "1.0.0"
source = "registry+https://github.com/rust-lang/crates.io-index"
checksum = "acbf1af155f9b9ef647e42cdc158db4b64a1b61f743629225fde6f3e0be2a7c7"

[[package]]
name = "csv"
version = "1.3.0"
source = "registry+https://github.com/rust-lang/crates.io-index"
checksum = "ac574ff4d437a7b5ad237ef331c17ccca63c46479e5b5453eb8e10bb99a759fe"
dependencies = [
 "csv-core",
 "itoa",
 "ryu",
 "serde",
]

[[package]]
name = "csv-core"
version = "0.1.11"
source = "registry+https://github.com/rust-lang/crates.io-index"
checksum = "5efa2b3d7902f4b634a20cae3c9c4e6209dc4779feb6863329607560143efa70"
dependencies = [
 "memchr",
]

[[package]]
name = "ctrlc"
version = "3.4.2"
source = "registry+https://github.com/rust-lang/crates.io-index"
checksum = "b467862cc8610ca6fc9a1532d7777cee0804e678ab45410897b9396495994a0b"
dependencies = [
 "nix",
 "windows-sys 0.52.0",
]

[[package]]
name = "dns-lookup"
version = "2.0.0"
source = "registry+https://github.com/rust-lang/crates.io-index"
checksum = "21f2f8dd4a231982214bcffcc2db9ddbc30e2de489ee2b72932472df106a5aed"
dependencies = [
 "cfg-if",
 "libc",
 "socket2",
 "windows-sys 0.48.0",
]

[[package]]
name = "getrandom"
version = "0.2.9"
source = "registry+https://github.com/rust-lang/crates.io-index"
checksum = "c85e1d9ab2eadba7e5040d4e09cbd6d072b76a557ad64e797c2cb9d4da21d7e4"
dependencies = [
 "cfg-if",
 "libc",
 "wasi",
]

[[package]]
name = "glob"
version = "0.3.1"
source = "registry+https://github.com/rust-lang/crates.io-index"
checksum = "d2fabcfbdc87f4758337ca535fb41a6d701b65693ce38287d856d1674551ec9b"

[[package]]
name = "hashbrown"
version = "0.12.3"
source = "registry+https://github.com/rust-lang/crates.io-index"
checksum = "8a9ee70c43aaf417c914396645a0fa852624801b24ebb7ae78fe8272889ac888"

[[package]]
name = "indexmap"
version = "1.9.3"
source = "registry+https://github.com/rust-lang/crates.io-index"
checksum = "bd070e393353796e801d209ad339e89596eb4c8d430d18ede6a1cced8fafbd99"
dependencies = [
 "autocfg",
 "hashbrown",
]

[[package]]
name = "ipnetwork"
version = "0.20.0"
source = "registry+https://github.com/rust-lang/crates.io-index"
checksum = "bf466541e9d546596ee94f9f69590f89473455f88372423e0008fc1a7daf100e"
dependencies = [
 "serde",
]

[[package]]
name = "itoa"
version = "1.0.6"
source = "registry+https://github.com/rust-lang/crates.io-index"
checksum = "453ad9f582a441959e5f0d088b02ce04cfe8d51a8eaf077f12ac6d3e94164ca6"

[[package]]
name = "libc"
version = "0.2.152"
source = "registry+https://github.com/rust-lang/crates.io-index"
checksum = "13e3bf6590cbc649f4d1a3eefc9d5d6eb746f5200ffb04e5e142700b8faa56e7"

[[package]]
name = "memchr"
version = "2.7.1"
source = "registry+https://github.com/rust-lang/crates.io-index"
checksum = "523dc4f511e55ab87b694dc30d0f820d60906ef06413f93d4d7a1385599cc149"

[[package]]
name = "nix"
version = "0.27.1"
source = "registry+https://github.com/rust-lang/crates.io-index"
checksum = "2eb04e9c688eff1c89d72b407f168cf79bb9e867a9d3323ed6c01519eb9cc053"
dependencies = [
 "bitflags",
 "cfg-if",
 "libc",
]

[[package]]
name = "no-std-net"
version = "0.6.0"
source = "registry+https://github.com/rust-lang/crates.io-index"
checksum = "43794a0ace135be66a25d3ae77d41b91615fb68ae937f904090203e81f755b65"

[[package]]
name = "pnet"
version = "0.34.0"
source = "registry+https://github.com/rust-lang/crates.io-index"
checksum = "130c5b738eeda2dc5796fe2671e49027e6935e817ab51b930a36ec9e6a206a64"
dependencies = [
 "ipnetwork",
 "pnet_base",
 "pnet_datalink",
 "pnet_packet",
 "pnet_sys",
 "pnet_transport",
]

[[package]]
name = "pnet_base"
version = "0.34.0"
source = "registry+https://github.com/rust-lang/crates.io-index"
checksum = "fe4cf6fb3ab38b68d01ab2aea03ed3d1132b4868fa4e06285f29f16da01c5f4c"
dependencies = [
 "no-std-net",
]

[[package]]
name = "pnet_datalink"
version = "0.34.0"
source = "registry+https://github.com/rust-lang/crates.io-index"
checksum = "ad5854abf0067ebbd3967f7d45ebc8976ff577ff0c7bd101c4973ae3c70f98fe"
dependencies = [
 "ipnetwork",
 "libc",
 "pnet_base",
 "pnet_sys",
 "winapi",
]

[[package]]
name = "pnet_macros"
version = "0.34.0"
source = "registry+https://github.com/rust-lang/crates.io-index"
checksum = "688b17499eee04a0408aca0aa5cba5fc86401d7216de8a63fdf7a4c227871804"
dependencies = [
 "proc-macro2",
 "quote",
 "regex",
 "syn",
]

[[package]]
name = "pnet_macros_support"
version = "0.34.0"
source = "registry+https://github.com/rust-lang/crates.io-index"
checksum = "eea925b72f4bd37f8eab0f221bbe4c78b63498350c983ffa9dd4bcde7e030f56"
dependencies = [
 "pnet_base",
]

[[package]]
name = "pnet_packet"
version = "0.34.0"
source = "registry+https://github.com/rust-lang/crates.io-index"
checksum = "a9a005825396b7fe7a38a8e288dbc342d5034dac80c15212436424fef8ea90ba"
dependencies = [
 "glob",
 "pnet_base",
 "pnet_macros",
 "pnet_macros_support",
]

[[package]]
name = "pnet_sys"
version = "0.34.0"
source = "registry+https://github.com/rust-lang/crates.io-index"
checksum = "417c0becd1b573f6d544f73671070b039051e5ad819cc64aa96377b536128d00"
dependencies = [
 "libc",
 "winapi",
]

[[package]]
name = "pnet_transport"
version = "0.34.0"
source = "registry+https://github.com/rust-lang/crates.io-index"
checksum = "2637e14d7de974ee2f74393afccbc8704f3e54e6eb31488715e72481d1662cc3"
dependencies = [
 "libc",
 "pnet_base",
 "pnet_packet",
 "pnet_sys",
]

[[package]]
name = "ppv-lite86"
version = "0.2.17"
source = "registry+https://github.com/rust-lang/crates.io-index"
checksum = "5b40af805b3121feab8a3c29f04d8ad262fa8e0561883e7653e024ae4479e6de"

[[package]]
name = "proc-macro2"
version = "1.0.76"
source = "registry+https://github.com/rust-lang/crates.io-index"
checksum = "95fc56cda0b5c3325f5fbbd7ff9fda9e02bb00bb3dac51252d2f1bfa1cb8cc8c"
dependencies = [
 "unicode-ident",
]

[[package]]
name = "quote"
version = "1.0.35"
source = "registry+https://github.com/rust-lang/crates.io-index"
checksum = "291ec9ab5efd934aaf503a6466c5d5251535d108ee747472c3977cc5acc868ef"
dependencies = [
 "proc-macro2",
]

[[package]]
name = "rand"
version = "0.8.5"
source = "registry+https://github.com/rust-lang/crates.io-index"
checksum = "34af8d1a0e25924bc5b7c43c079c942339d8f0a8b57c39049bef581b46327404"
dependencies = [
 "libc",
 "rand_chacha",
 "rand_core",
]

[[package]]
name = "rand_chacha"
version = "0.3.1"
source = "registry+https://github.com/rust-lang/crates.io-index"
checksum = "e6c10a63a0fa32252be49d21e7709d4d4baf8d231c2dbce1eaa8141b9b127d88"
dependencies = [
 "ppv-lite86",
 "rand_core",
]

[[package]]
name = "rand_core"
version = "0.6.4"
source = "registry+https://github.com/rust-lang/crates.io-index"
checksum = "ec0be4795e2f6a28069bec0b5ff3e2ac9bafc99e6a9a7dc3547996c5c816922c"
dependencies = [
 "getrandom",
]

[[package]]
name = "regex"
version = "1.10.2"
source = "registry+https://github.com/rust-lang/crates.io-index"
checksum = "380b951a9c5e80ddfd6136919eef32310721aa4aacd4889a8d39124b026ab343"
dependencies = [
 "aho-corasick",
 "memchr",
 "regex-automata",
 "regex-syntax",
]

[[package]]
name = "regex-automata"
version = "0.4.3"
source = "registry+https://github.com/rust-lang/crates.io-index"
checksum = "5f804c7828047e88b2d32e2d7fe5a105da8ee3264f01902f796c8e067dc2483f"
dependencies = [
 "aho-corasick",
 "memchr",
 "regex-syntax",
]

[[package]]
name = "regex-syntax"
version = "0.8.2"
source = "registry+https://github.com/rust-lang/crates.io-index"
checksum = "c08c74e62047bb2de4ff487b251e4a92e24f48745648451635cec7d591162d9f"

[[package]]
name = "ryu"
version = "1.0.13"
source = "registry+https://github.com/rust-lang/crates.io-index"
checksum = "f91339c0467de62360649f8d3e185ca8de4224ff281f66000de5eb2a77a79041"

[[package]]
name = "serde"
version = "1.0.160"
source = "registry+https://github.com/rust-lang/crates.io-index"
checksum = "bb2f3770c8bce3bcda7e149193a069a0f4365bda1fa5cd88e03bca26afc1216c"
dependencies = [
 "serde_derive",
]

[[package]]
name = "serde_derive"
version = "1.0.160"
source = "registry+https://github.com/rust-lang/crates.io-index"
checksum = "291a097c63d8497e00160b166a967a4a79c64f3facdd01cbd7502231688d77df"
dependencies = [
 "proc-macro2",
 "quote",
 "syn",
]

[[package]]
name = "serde_json"
version = "1.0.96"
source = "registry+https://github.com/rust-lang/crates.io-index"
checksum = "057d394a50403bcac12672b2b18fb387ab6d289d957dab67dd201875391e52f1"
dependencies = [
 "itoa",
 "ryu",
 "serde",
]

[[package]]
name = "serde_yaml"
version = "0.9.21"
source = "registry+https://github.com/rust-lang/crates.io-index"
checksum = "d9d684e3ec7de3bf5466b32bd75303ac16f0736426e5a4e0d6e489559ce1249c"
dependencies = [
 "indexmap",
 "itoa",
 "ryu",
 "serde",
 "unsafe-libyaml",
]

[[package]]
name = "socket2"
version = "0.5.2"
source = "registry+https://github.com/rust-lang/crates.io-index"
checksum = "6d283f86695ae989d1e18440a943880967156325ba025f05049946bff47bcc2b"
dependencies = [
 "libc",
 "windows-sys 0.48.0",
]

[[package]]
name = "strsim"
version = "0.10.0"
source = "registry+https://github.com/rust-lang/crates.io-index"
checksum = "73473c0e59e6d5812c5dfe2a064a6444949f089e20eec9a2e5506596494e4623"

[[package]]
name = "syn"
version = "2.0.48"
source = "registry+https://github.com/rust-lang/crates.io-index"
checksum = "0f3531638e407dfc0814761abb7c00a5b54992b849452a0646b7f65c9f770f3f"
dependencies = [
 "proc-macro2",
 "quote",
 "unicode-ident",
]

[[package]]
name = "unicode-ident"
version = "1.0.8"
source = "registry+https://github.com/rust-lang/crates.io-index"
checksum = "e5464a87b239f13a63a501f2701565754bae92d243d4bb7eb12f6d57d2269bf4"

[[package]]
name = "unsafe-libyaml"
version = "0.2.8"
source = "registry+https://github.com/rust-lang/crates.io-index"
checksum = "1865806a559042e51ab5414598446a5871b561d21b6764f2eabb0dd481d880a6"

[[package]]
name = "utf8parse"
version = "0.2.1"
source = "registry+https://github.com/rust-lang/crates.io-index"
checksum = "711b9620af191e0cdc7468a8d14e709c3dcdb115b36f838e601583af800a370a"

[[package]]
name = "wasi"
version = "0.11.0+wasi-snapshot-preview1"
source = "registry+https://github.com/rust-lang/crates.io-index"
checksum = "9c8d87e72b64a3b4db28d11ce29237c246188f4f51057d65a7eab63b7987e423"

[[package]]
name = "winapi"
version = "0.3.9"
source = "registry+https://github.com/rust-lang/crates.io-index"
checksum = "5c839a674fcd7a98952e593242ea400abe93992746761e38641405d28b00f419"
dependencies = [
 "winapi-i686-pc-windows-gnu",
 "winapi-x86_64-pc-windows-gnu",
]

[[package]]
name = "winapi-i686-pc-windows-gnu"
version = "0.4.0"
source = "registry+https://github.com/rust-lang/crates.io-index"
checksum = "ac3b87c63620426dd9b991e5ce0329eff545bccbbb34f3be09ff6fb6ab51b7b6"

[[package]]
name = "winapi-x86_64-pc-windows-gnu"
version = "0.4.0"
source = "registry+https://github.com/rust-lang/crates.io-index"
checksum = "712e227841d057c1ee1cd2fb22fa7e5a5461ae8e48fa2ca79ec42cfc1931183f"

[[package]]
name = "windows-sys"
version = "0.48.0"
source = "registry+https://github.com/rust-lang/crates.io-index"
checksum = "677d2418bec65e3338edb076e806bc1ec15693c5d0104683f2efe857f61056a9"
dependencies = [
 "windows-targets 0.48.0",
]

[[package]]
name = "windows-sys"
version = "0.52.0"
source = "registry+https://github.com/rust-lang/crates.io-index"
checksum = "282be5f36a8ce781fad8c8ae18fa3f9beff57ec1b52cb3de0789201425d9a33d"
dependencies = [
 "windows-targets 0.52.0",
]

[[package]]
name = "windows-targets"
version = "0.48.0"
source = "registry+https://github.com/rust-lang/crates.io-index"
checksum = "7b1eb6f0cd7c80c79759c929114ef071b87354ce476d9d94271031c0497adfd5"
dependencies = [
 "windows_aarch64_gnullvm 0.48.0",
 "windows_aarch64_msvc 0.48.0",
 "windows_i686_gnu 0.48.0",
 "windows_i686_msvc 0.48.0",
 "windows_x86_64_gnu 0.48.0",
 "windows_x86_64_gnullvm 0.48.0",
 "windows_x86_64_msvc 0.48.0",
]

[[package]]
name = "windows-targets"
version = "0.52.0"
source = "registry+https://github.com/rust-lang/crates.io-index"
checksum = "8a18201040b24831fbb9e4eb208f8892e1f50a37feb53cc7ff887feb8f50e7cd"
dependencies = [
 "windows_aarch64_gnullvm 0.52.0",
 "windows_aarch64_msvc 0.52.0",
 "windows_i686_gnu 0.52.0",
 "windows_i686_msvc 0.52.0",
 "windows_x86_64_gnu 0.52.0",
 "windows_x86_64_gnullvm 0.52.0",
 "windows_x86_64_msvc 0.52.0",
]

[[package]]
name = "windows_aarch64_gnullvm"
version = "0.48.0"
source = "registry+https://github.com/rust-lang/crates.io-index"
checksum = "91ae572e1b79dba883e0d315474df7305d12f569b400fcf90581b06062f7e1bc"

[[package]]
name = "windows_aarch64_gnullvm"
version = "0.52.0"
source = "registry+https://github.com/rust-lang/crates.io-index"
checksum = "cb7764e35d4db8a7921e09562a0304bf2f93e0a51bfccee0bd0bb0b666b015ea"

[[package]]
name = "windows_aarch64_msvc"
version = "0.48.0"
source = "registry+https://github.com/rust-lang/crates.io-index"
checksum = "b2ef27e0d7bdfcfc7b868b317c1d32c641a6fe4629c171b8928c7b08d98d7cf3"

[[package]]
name = "windows_aarch64_msvc"
version = "0.52.0"
source = "registry+https://github.com/rust-lang/crates.io-index"
checksum = "bbaa0368d4f1d2aaefc55b6fcfee13f41544ddf36801e793edbbfd7d7df075ef"

[[package]]
name = "windows_i686_gnu"
version = "0.48.0"
source = "registry+https://github.com/rust-lang/crates.io-index"
checksum = "622a1962a7db830d6fd0a69683c80a18fda201879f0f447f065a3b7467daa241"

[[package]]
name = "windows_i686_gnu"
version = "0.52.0"
source = "registry+https://github.com/rust-lang/crates.io-index"
checksum = "a28637cb1fa3560a16915793afb20081aba2c92ee8af57b4d5f28e4b3e7df313"

[[package]]
name = "windows_i686_msvc"
version = "0.48.0"
source = "registry+https://github.com/rust-lang/crates.io-index"
checksum = "4542c6e364ce21bf45d69fdd2a8e455fa38d316158cfd43b3ac1c5b1b19f8e00"

[[package]]
name = "windows_i686_msvc"
version = "0.52.0"
source = "registry+https://github.com/rust-lang/crates.io-index"
checksum = "ffe5e8e31046ce6230cc7215707b816e339ff4d4d67c65dffa206fd0f7aa7b9a"

[[package]]
name = "windows_x86_64_gnu"
version = "0.48.0"
source = "registry+https://github.com/rust-lang/crates.io-index"
checksum = "ca2b8a661f7628cbd23440e50b05d705db3686f894fc9580820623656af974b1"

[[package]]
name = "windows_x86_64_gnu"
version = "0.52.0"
source = "registry+https://github.com/rust-lang/crates.io-index"
checksum = "3d6fa32db2bc4a2f5abeacf2b69f7992cd09dca97498da74a151a3132c26befd"

[[package]]
name = "windows_x86_64_gnullvm"
version = "0.48.0"
source = "registry+https://github.com/rust-lang/crates.io-index"
checksum = "7896dbc1f41e08872e9d5e8f8baa8fdd2677f29468c4e156210174edc7f7b953"

[[package]]
name = "windows_x86_64_gnullvm"
version = "0.52.0"
source = "registry+https://github.com/rust-lang/crates.io-index"
checksum = "1a657e1e9d3f514745a572a6846d3c7aa7dbe1658c056ed9c3344c4109a6949e"

[[package]]
name = "windows_x86_64_msvc"
version = "0.48.0"
source = "registry+https://github.com/rust-lang/crates.io-index"
checksum = "1a515f5799fe4961cb532f983ce2b23082366b898e52ffbce459c86f67c8378a"

[[package]]
name = "windows_x86_64_msvc"
version = "0.52.0"
source = "registry+https://github.com/rust-lang/crates.io-index"
checksum = "dff9641d1cd4be8d1a070daf9e3773c5f67e78b4d9d42263020c057706765c04"
